// !$*UTF8*$!
{
	archiveVersion = 1;
	classes = {
	};
	objectVersion = 50;
	objects = {

/* Begin PBXBuildFile section */
		695E83CD24E632EB00C8B817 /* AppDelegate.swift in Sources */ = {isa = PBXBuildFile; fileRef = 695E83CC24E632EB00C8B817 /* AppDelegate.swift */; };
		695E83CF24E632EB00C8B817 /* SceneDelegate.swift in Sources */ = {isa = PBXBuildFile; fileRef = 695E83CE24E632EB00C8B817 /* SceneDelegate.swift */; };
		695E83D124E632EB00C8B817 /* ViewController.swift in Sources */ = {isa = PBXBuildFile; fileRef = 695E83D024E632EB00C8B817 /* ViewController.swift */; };
		695E83D424E632EB00C8B817 /* Main.storyboard in Resources */ = {isa = PBXBuildFile; fileRef = 695E83D224E632EB00C8B817 /* Main.storyboard */; };
		695E83D624E632F000C8B817 /* Assets.xcassets in Resources */ = {isa = PBXBuildFile; fileRef = 695E83D524E632F000C8B817 /* Assets.xcassets */; };
		695E83D924E632F000C8B817 /* LaunchScreen.storyboard in Resources */ = {isa = PBXBuildFile; fileRef = 695E83D724E632F000C8B817 /* LaunchScreen.storyboard */; };
		697032CC24F1299200B8E0E4 /* QuickAcessViewController.swift in Sources */ = {isa = PBXBuildFile; fileRef = 697032CB24F1299200B8E0E4 /* QuickAcessViewController.swift */; };
		69A0E62524ECB8F500CA6027 /* UISimpleSlidingTabController.swift in Sources */ = {isa = PBXBuildFile; fileRef = 69A0E62424ECB8F500CA6027 /* UISimpleSlidingTabController.swift */; };
		69A0E62724ECB95000CA6027 /* SettingsViewController.swift in Sources */ = {isa = PBXBuildFile; fileRef = 69A0E62624ECB95000CA6027 /* SettingsViewController.swift */; };
		69A0E62924ECBA5700CA6027 /* InfoViewController.swift in Sources */ = {isa = PBXBuildFile; fileRef = 69A0E62824ECBA5700CA6027 /* InfoViewController.swift */; };
/* End PBXBuildFile section */

/* Begin PBXFileReference section */
		695E83C924E632EB00C8B817 /* Symptracker.app */ = {isa = PBXFileReference; explicitFileType = wrapper.application; includeInIndex = 0; path = Symptracker.app; sourceTree = BUILT_PRODUCTS_DIR; };
		695E83CC24E632EB00C8B817 /* AppDelegate.swift */ = {isa = PBXFileReference; lastKnownFileType = sourcecode.swift; path = AppDelegate.swift; sourceTree = "<group>"; };
		695E83CE24E632EB00C8B817 /* SceneDelegate.swift */ = {isa = PBXFileReference; lastKnownFileType = sourcecode.swift; path = SceneDelegate.swift; sourceTree = "<group>"; };
		695E83D024E632EB00C8B817 /* ViewController.swift */ = {isa = PBXFileReference; lastKnownFileType = sourcecode.swift; path = ViewController.swift; sourceTree = "<group>"; };
		695E83D324E632EB00C8B817 /* Base */ = {isa = PBXFileReference; lastKnownFileType = file.storyboard; name = Base; path = Base.lproj/Main.storyboard; sourceTree = "<group>"; };
		695E83D524E632F000C8B817 /* Assets.xcassets */ = {isa = PBXFileReference; lastKnownFileType = folder.assetcatalog; path = Assets.xcassets; sourceTree = "<group>"; };
		695E83D824E632F000C8B817 /* Base */ = {isa = PBXFileReference; lastKnownFileType = file.storyboard; name = Base; path = Base.lproj/LaunchScreen.storyboard; sourceTree = "<group>"; };
		695E83DA24E632F000C8B817 /* Info.plist */ = {isa = PBXFileReference; lastKnownFileType = text.plist.xml; path = Info.plist; sourceTree = "<group>"; };
		697032CB24F1299200B8E0E4 /* QuickAcessViewController.swift */ = {isa = PBXFileReference; lastKnownFileType = sourcecode.swift; name = QuickAcessViewController.swift; path = Symptracker/Storyboards/QuickAcessViewController.swift; sourceTree = SOURCE_ROOT; };
		69A0E62424ECB8F500CA6027 /* UISimpleSlidingTabController.swift */ = {isa = PBXFileReference; lastKnownFileType = sourcecode.swift; path = UISimpleSlidingTabController.swift; sourceTree = "<group>"; };
		69A0E62624ECB95000CA6027 /* SettingsViewController.swift */ = {isa = PBXFileReference; lastKnownFileType = sourcecode.swift; path = SettingsViewController.swift; sourceTree = "<group>"; };
		69A0E62824ECBA5700CA6027 /* InfoViewController.swift */ = {isa = PBXFileReference; lastKnownFileType = sourcecode.swift; path = InfoViewController.swift; sourceTree = "<group>"; };
/* End PBXFileReference section */

/* Begin PBXFrameworksBuildPhase section */
		695E83C624E632EB00C8B817 /* Frameworks */ = {
			isa = PBXFrameworksBuildPhase;
			buildActionMask = 2147483647;
			files = (
			);
			runOnlyForDeploymentPostprocessing = 0;
		};
/* End PBXFrameworksBuildPhase section */

/* Begin PBXGroup section */
		6901B45224F120CC005EFE95 /* Dump - Might use later */ = {
			isa = PBXGroup;
			children = (
				69D307AA24EE06D80077DB0F /* Slider class code */,
			);
			path = "Dump - Might use later";
			sourceTree = "<group>";
		};
		695E83C024E632EB00C8B817 = {
			isa = PBXGroup;
			children = (
				695E83CB24E632EB00C8B817 /* Symptracker */,
				695E83CA24E632EB00C8B817 /* Products */,
				69D307AD24EE07970077DB0F /* Delegates */,
			);
			sourceTree = "<group>";
		};
		695E83CA24E632EB00C8B817 /* Products */ = {
			isa = PBXGroup;
			children = (
				695E83C924E632EB00C8B817 /* Symptracker.app */,
			);
			name = Products;
			sourceTree = "<group>";
		};
		695E83CB24E632EB00C8B817 /* Symptracker */ = {
			isa = PBXGroup;
			children = (
				6901B45224F120CC005EFE95 /* Dump - Might use later */,
				695E83DA24E632F000C8B817 /* Info.plist */,
				69D307A724EE067F0077DB0F /* View controllers */,
				69D307AC24EE07780077DB0F /* Storyboards */,
				69D307AF24EE07CA0077DB0F /* Assets folder */,
			);
			path = Symptracker;
			sourceTree = "<group>";
		};
		69D307A724EE067F0077DB0F /* View controllers */ = {
			isa = PBXGroup;
			children = (
				697032CB24F1299200B8E0E4 /* QuickAcessViewController.swift */,
				69D307A824EE06B60077DB0F /* Info VIew controllers */,
				69D307AB24EE07650077DB0F /* View controller */,
				69D307A924EE06CA0077DB0F /* Settings view controller */,
			);
			path = "View controllers";
			sourceTree = "<group>";
		};
		69D307A824EE06B60077DB0F /* Info VIew controllers */ = {
			isa = PBXGroup;
			children = (
				69A0E62824ECBA5700CA6027 /* InfoViewController.swift */,
			);
			path = "Info VIew controllers";
			sourceTree = "<group>";
		};
		69D307A924EE06CA0077DB0F /* Settings view controller */ = {
			isa = PBXGroup;
			children = (
				69A0E62624ECB95000CA6027 /* SettingsViewController.swift */,
			);
			path = "Settings view controller";
			sourceTree = "<group>";
		};
		69D307AA24EE06D80077DB0F /* Slider class code */ = {
			isa = PBXGroup;
			children = (
				69A0E62424ECB8F500CA6027 /* UISimpleSlidingTabController.swift */,
			);
			path = "Slider class code";
			sourceTree = "<group>";
		};
		69D307AB24EE07650077DB0F /* View controller */ = {
			isa = PBXGroup;
			children = (
				695E83D024E632EB00C8B817 /* ViewController.swift */,
			);
			path = "View controller";
			sourceTree = "<group>";
		};
		69D307AC24EE07780077DB0F /* Storyboards */ = {
			isa = PBXGroup;
			children = (
				695E83D224E632EB00C8B817 /* Main.storyboard */,
				695E83D724E632F000C8B817 /* LaunchScreen.storyboard */,
			);
			path = Storyboards;
			sourceTree = "<group>";
		};
		69D307AD24EE07970077DB0F /* Delegates */ = {
			isa = PBXGroup;
			children = (
				695E83CC24E632EB00C8B817 /* AppDelegate.swift */,
				695E83CE24E632EB00C8B817 /* SceneDelegate.swift */,
			);
			path = Delegates;
			sourceTree = "<group>";
		};
		69D307AF24EE07CA0077DB0F /* Assets folder */ = {
			isa = PBXGroup;
			children = (
				695E83D524E632F000C8B817 /* Assets.xcassets */,
			);
			path = "Assets folder";
			sourceTree = "<group>";
		};
/* End PBXGroup section */

/* Begin PBXNativeTarget section */
		695E83C824E632EB00C8B817 /* Symptracker */ = {
			isa = PBXNativeTarget;
			buildConfigurationList = 695E83DD24E632F000C8B817 /* Build configuration list for PBXNativeTarget "Symptracker" */;
			buildPhases = (
				695E83C524E632EB00C8B817 /* Sources */,
				695E83C624E632EB00C8B817 /* Frameworks */,
				695E83C724E632EB00C8B817 /* Resources */,
			);
			buildRules = (
			);
			dependencies = (
			);
			name = Symptracker;
			productName = Symptracker;
			productReference = 695E83C924E632EB00C8B817 /* Symptracker.app */;
			productType = "com.apple.product-type.application";
		};
/* End PBXNativeTarget section */

/* Begin PBXProject section */
		695E83C124E632EB00C8B817 /* Project object */ = {
			isa = PBXProject;
			attributes = {
				LastSwiftUpdateCheck = 1160;
				LastUpgradeCheck = 1160;
				ORGANIZATIONNAME = sst;
				TargetAttributes = {
					695E83C824E632EB00C8B817 = {
						CreatedOnToolsVersion = 11.6;
					};
				};
			};
			buildConfigurationList = 695E83C424E632EB00C8B817 /* Build configuration list for PBXProject "Symptracker" */;
			compatibilityVersion = "Xcode 9.3";
			developmentRegion = en;
			hasScannedForEncodings = 0;
			knownRegions = (
				en,
				Base,
			);
			mainGroup = 695E83C024E632EB00C8B817;
			productRefGroup = 695E83CA24E632EB00C8B817 /* Products */;
			projectDirPath = "";
			projectRoot = "";
			targets = (
				695E83C824E632EB00C8B817 /* Symptracker */,
			);
		};
/* End PBXProject section */

/* Begin PBXResourcesBuildPhase section */
		695E83C724E632EB00C8B817 /* Resources */ = {
			isa = PBXResourcesBuildPhase;
			buildActionMask = 2147483647;
			files = (
				695E83D924E632F000C8B817 /* LaunchScreen.storyboard in Resources */,
				695E83D624E632F000C8B817 /* Assets.xcassets in Resources */,
				695E83D424E632EB00C8B817 /* Main.storyboard in Resources */,
			);
			runOnlyForDeploymentPostprocessing = 0;
		};
/* End PBXResourcesBuildPhase section */

/* Begin PBXSourcesBuildPhase section */
		695E83C524E632EB00C8B817 /* Sources */ = {
			isa = PBXSourcesBuildPhase;
			buildActionMask = 2147483647;
			files = (
				695E83D124E632EB00C8B817 /* ViewController.swift in Sources */,
				697032CC24F1299200B8E0E4 /* QuickAcessViewController.swift in Sources */,
				69A0E62524ECB8F500CA6027 /* UISimpleSlidingTabController.swift in Sources */,
				695E83CD24E632EB00C8B817 /* AppDelegate.swift in Sources */,
				69A0E62724ECB95000CA6027 /* SettingsViewController.swift in Sources */,
				69A0E62924ECBA5700CA6027 /* InfoViewController.swift in Sources */,
				695E83CF24E632EB00C8B817 /* SceneDelegate.swift in Sources */,
			);
			runOnlyForDeploymentPostprocessing = 0;
		};
/* End PBXSourcesBuildPhase section */

/* Begin PBXVariantGroup section */
		695E83D224E632EB00C8B817 /* Main.storyboard */ = {
			isa = PBXVariantGroup;
			children = (
				695E83D324E632EB00C8B817 /* Base */,
			);
			name = Main.storyboard;
			sourceTree = "<group>";
		};
		695E83D724E632F000C8B817 /* LaunchScreen.storyboard */ = {
			isa = PBXVariantGroup;
			children = (
				695E83D824E632F000C8B817 /* Base */,
			);
			name = LaunchScreen.storyboard;
			sourceTree = "<group>";
		};
/* End PBXVariantGroup section */

/* Begin XCBuildConfiguration section */
		695E83DB24E632F000C8B817 /* Debug */ = {
			isa = XCBuildConfiguration;
			buildSettings = {
				ALWAYS_SEARCH_USER_PATHS = NO;
				CLANG_ANALYZER_NONNULL = YES;
				CLANG_ANALYZER_NUMBER_OBJECT_CONVERSION = YES_AGGRESSIVE;
				CLANG_CXX_LANGUAGE_STANDARD = "gnu++14";
				CLANG_CXX_LIBRARY = "libc++";
				CLANG_ENABLE_MODULES = YES;
				CLANG_ENABLE_OBJC_ARC = YES;
				CLANG_ENABLE_OBJC_WEAK = YES;
				CLANG_WARN_BLOCK_CAPTURE_AUTORELEASING = YES;
				CLANG_WARN_BOOL_CONVERSION = YES;
				CLANG_WARN_COMMA = YES;
				CLANG_WARN_CONSTANT_CONVERSION = YES;
				CLANG_WARN_DEPRECATED_OBJC_IMPLEMENTATIONS = YES;
				CLANG_WARN_DIRECT_OBJC_ISA_USAGE = YES_ERROR;
				CLANG_WARN_DOCUMENTATION_COMMENTS = YES;
				CLANG_WARN_EMPTY_BODY = YES;
				CLANG_WARN_ENUM_CONVERSION = YES;
				CLANG_WARN_INFINITE_RECURSION = YES;
				CLANG_WARN_INT_CONVERSION = YES;
				CLANG_WARN_NON_LITERAL_NULL_CONVERSION = YES;
				CLANG_WARN_OBJC_IMPLICIT_RETAIN_SELF = YES;
				CLANG_WARN_OBJC_LITERAL_CONVERSION = YES;
				CLANG_WARN_OBJC_ROOT_CLASS = YES_ERROR;
				CLANG_WARN_RANGE_LOOP_ANALYSIS = YES;
				CLANG_WARN_STRICT_PROTOTYPES = YES;
				CLANG_WARN_SUSPICIOUS_MOVE = YES;
				CLANG_WARN_UNGUARDED_AVAILABILITY = YES_AGGRESSIVE;
				CLANG_WARN_UNREACHABLE_CODE = YES;
				CLANG_WARN__DUPLICATE_METHOD_MATCH = YES;
				COPY_PHASE_STRIP = NO;
				DEBUG_INFORMATION_FORMAT = dwarf;
				ENABLE_STRICT_OBJC_MSGSEND = YES;
				ENABLE_TESTABILITY = YES;
				GCC_C_LANGUAGE_STANDARD = gnu11;
				GCC_DYNAMIC_NO_PIC = NO;
				GCC_NO_COMMON_BLOCKS = YES;
				GCC_OPTIMIZATION_LEVEL = 0;
				GCC_PREPROCESSOR_DEFINITIONS = (
					"DEBUG=1",
					"$(inherited)",
				);
				GCC_WARN_64_TO_32_BIT_CONVERSION = YES;
				GCC_WARN_ABOUT_RETURN_TYPE = YES_ERROR;
				GCC_WARN_UNDECLARED_SELECTOR = YES;
				GCC_WARN_UNINITIALIZED_AUTOS = YES_AGGRESSIVE;
				GCC_WARN_UNUSED_FUNCTION = YES;
				GCC_WARN_UNUSED_VARIABLE = YES;
				IPHONEOS_DEPLOYMENT_TARGET = 13.6;
				MTL_ENABLE_DEBUG_INFO = INCLUDE_SOURCE;
				MTL_FAST_MATH = YES;
				ONLY_ACTIVE_ARCH = YES;
				SDKROOT = iphoneos;
				SWIFT_ACTIVE_COMPILATION_CONDITIONS = DEBUG;
				SWIFT_OPTIMIZATION_LEVEL = "-Onone";
			};
			name = Debug;
		};
		695E83DC24E632F000C8B817 /* Release */ = {
			isa = XCBuildConfiguration;
			buildSettings = {
				ALWAYS_SEARCH_USER_PATHS = NO;
				CLANG_ANALYZER_NONNULL = YES;
				CLANG_ANALYZER_NUMBER_OBJECT_CONVERSION = YES_AGGRESSIVE;
				CLANG_CXX_LANGUAGE_STANDARD = "gnu++14";
				CLANG_CXX_LIBRARY = "libc++";
				CLANG_ENABLE_MODULES = YES;
				CLANG_ENABLE_OBJC_ARC = YES;
				CLANG_ENABLE_OBJC_WEAK = YES;
				CLANG_WARN_BLOCK_CAPTURE_AUTORELEASING = YES;
				CLANG_WARN_BOOL_CONVERSION = YES;
				CLANG_WARN_COMMA = YES;
				CLANG_WARN_CONSTANT_CONVERSION = YES;
				CLANG_WARN_DEPRECATED_OBJC_IMPLEMENTATIONS = YES;
				CLANG_WARN_DIRECT_OBJC_ISA_USAGE = YES_ERROR;
				CLANG_WARN_DOCUMENTATION_COMMENTS = YES;
				CLANG_WARN_EMPTY_BODY = YES;
				CLANG_WARN_ENUM_CONVERSION = YES;
				CLANG_WARN_INFINITE_RECURSION = YES;
				CLANG_WARN_INT_CONVERSION = YES;
				CLANG_WARN_NON_LITERAL_NULL_CONVERSION = YES;
				CLANG_WARN_OBJC_IMPLICIT_RETAIN_SELF = YES;
				CLANG_WARN_OBJC_LITERAL_CONVERSION = YES;
				CLANG_WARN_OBJC_ROOT_CLASS = YES_ERROR;
				CLANG_WARN_RANGE_LOOP_ANALYSIS = YES;
				CLANG_WARN_STRICT_PROTOTYPES = YES;
				CLANG_WARN_SUSPICIOUS_MOVE = YES;
				CLANG_WARN_UNGUARDED_AVAILABILITY = YES_AGGRESSIVE;
				CLANG_WARN_UNREACHABLE_CODE = YES;
				CLANG_WARN__DUPLICATE_METHOD_MATCH = YES;
				COPY_PHASE_STRIP = NO;
				DEBUG_INFORMATION_FORMAT = "dwarf-with-dsym";
				ENABLE_NS_ASSERTIONS = NO;
				ENABLE_STRICT_OBJC_MSGSEND = YES;
				GCC_C_LANGUAGE_STANDARD = gnu11;
				GCC_NO_COMMON_BLOCKS = YES;
				GCC_WARN_64_TO_32_BIT_CONVERSION = YES;
				GCC_WARN_ABOUT_RETURN_TYPE = YES_ERROR;
				GCC_WARN_UNDECLARED_SELECTOR = YES;
				GCC_WARN_UNINITIALIZED_AUTOS = YES_AGGRESSIVE;
				GCC_WARN_UNUSED_FUNCTION = YES;
				GCC_WARN_UNUSED_VARIABLE = YES;
				IPHONEOS_DEPLOYMENT_TARGET = 13.6;
				MTL_ENABLE_DEBUG_INFO = NO;
				MTL_FAST_MATH = YES;
				SDKROOT = iphoneos;
				SWIFT_COMPILATION_MODE = wholemodule;
				SWIFT_OPTIMIZATION_LEVEL = "-O";
				VALIDATE_PRODUCT = YES;
			};
			name = Release;
		};
		695E83DE24E632F000C8B817 /* Debug */ = {
			isa = XCBuildConfiguration;
			buildSettings = {
				ASSETCATALOG_COMPILER_APPICON_NAME = AppIcon;
				CODE_SIGN_STYLE = Automatic;
				INFOPLIST_FILE = Symptracker/Info.plist;
				LD_RUNPATH_SEARCH_PATHS = (
					"$(inherited)",
					"@executable_path/Frameworks",
				);
				PRODUCT_BUNDLE_IDENTIFIER = sst.Symptracker;
				PRODUCT_NAME = "$(TARGET_NAME)";
				SWIFT_VERSION = 5.0;
				TARGETED_DEVICE_FAMILY = "1,2";
			};
			name = Debug;
		};
		695E83DF24E632F000C8B817 /* Release */ = {
			isa = XCBuildConfiguration;
			buildSettings = {
				ASSETCATALOG_COMPILER_APPICON_NAME = AppIcon;
				CODE_SIGN_STYLE = Automatic;
				INFOPLIST_FILE = Symptracker/Info.plist;
				LD_RUNPATH_SEARCH_PATHS = (
					"$(inherited)",
					"@executable_path/Frameworks",
				);
				PRODUCT_BUNDLE_IDENTIFIER = sst.Symptracker;
				PRODUCT_NAME = "$(TARGET_NAME)";
				SWIFT_VERSION = 5.0;
				TARGETED_DEVICE_FAMILY = "1,2";
			};
			name = Release;
		};
/* End XCBuildConfiguration section */

/* Begin XCConfigurationList section */
		695E83C424E632EB00C8B817 /* Build configuration list for PBXProject "Symptracker" */ = {
			isa = XCConfigurationList;
			buildConfigurations = (
				695E83DB24E632F000C8B817 /* Debug */,
				695E83DC24E632F000C8B817 /* Release */,
			);
			defaultConfigurationIsVisible = 0;
			defaultConfigurationName = Release;
		};
		695E83DD24E632F000C8B817 /* Build configuration list for PBXNativeTarget "Symptracker" */ = {
			isa = XCConfigurationList;
			buildConfigurations = (
				695E83DE24E632F000C8B817 /* Debug */,
				695E83DF24E632F000C8B817 /* Release */,
			);
			defaultConfigurationIsVisible = 0;
			defaultConfigurationName = Release;
		};
/* End XCConfigurationList section */
	};
	rootObject = 695E83C124E632EB00C8B817 /* Project object */;
}
